
Microsoft Visual Studio Solution File, Format Version 12.00
# Visual Studio Version 17
VisualStudioVersion = 17.14.36408.4 d17.14
MinimumVisualStudioVersion = 10.0.40219.1
Project("{FAE04EC0-301F-11D3-BF4B-00C04F79EFBC}") = "SistemaPizzaria", "SistemaPizzaria\SistemaPizzaria.csproj", "{F4A77F73-2CDA-4666-B62D-044BB744D0FA}"
EndProject
Global
	GlobalSection(SolutionConfigurationPlatforms) = preSolution
		Debug|Any CPU = Debug|Any CPU
		Release|Any CPU = Release|Any CPU
	EndGlobalSection
	GlobalSection(ProjectConfigurationPlatforms) = postSolution
		{F4A77F73-2CDA-4666-B62D-044BB744D0FA}.Debug|Any CPU.ActiveCfg = Debug|Any CPU
		{F4A77F73-2CDA-4666-B62D-044BB744D0FA}.Debug|Any CPU.Build.0 = Debug|Any CPU
		{F4A77F73-2CDA-4666-B62D-044BB744D0FA}.Release|Any CPU.ActiveCfg = Release|Any CPU
		{F4A77F73-2CDA-4666-B62D-044BB744D0FA}.Release|Any CPU.Build.0 = Release|Any CPU
	EndGlobalSection
	GlobalSection(SolutionProperties) = preSolution
		HideSolutionNode = FALSE
	EndGlobalSection
	GlobalSection(ExtensibilityGlobals) = postSolution
		SolutionGuid = {F2468C9E-7593-4AC6-BDB6-B9209E8B08BD}
	EndGlobalSection
EndGlobal
